
Microsoft Visual Studio Solution File, Format Version 12.00
# Visual Studio 14
VisualStudioVersion = 14.0.24720.0
MinimumVisualStudioVersion = 10.0.40219.1
Project("{FAE04EC0-301F-11D3-BF4B-00C04F79EFBC}") = "CSharpLibrary", "CSharpLibrary\CSharpLibrary.csproj", "{63B55BF3-D72E-4720-B3FC-579AFB052E5C}"
EndProject
Project("{8BC9CEB8-8B4A-11D0-8D11-00A0C91BC942}") = "CppProgram", "CppProgram\CppProgram.vcxproj", "{46305558-CC3E-43C9-B22C-611CDA1B2CC4}"
EndProject
Global
	GlobalSection(SolutionConfigurationPlatforms) = preSolution
		Debug|Any CPU = Debug|Any CPU
		Debug|x64 = Debug|x64
		Debug|x86 = Debug|x86
		Release|Any CPU = Release|Any CPU
		Release|x64 = Release|x64
		Release|x86 = Release|x86
	EndGlobalSection
	GlobalSection(ProjectConfigurationPlatforms) = postSolution
		{63B55BF3-D72E-4720-B3FC-579AFB052E5C}.Debug|Any CPU.ActiveCfg = Debug|Any CPU
		{63B55BF3-D72E-4720-B3FC-579AFB052E5C}.Debug|Any CPU.Build.0 = Debug|Any CPU
		{63B55BF3-D72E-4720-B3FC-579AFB052E5C}.Debug|x64.ActiveCfg = Debug|Any CPU
		{63B55BF3-D72E-4720-B3FC-579AFB052E5C}.Debug|x64.Build.0 = Debug|Any CPU
		{63B55BF3-D72E-4720-B3FC-579AFB052E5C}.Debug|x86.ActiveCfg = Debug|Any CPU
		{63B55BF3-D72E-4720-B3FC-579AFB052E5C}.Debug|x86.Build.0 = Debug|Any CPU
		{63B55BF3-D72E-4720-B3FC-579AFB052E5C}.Release|Any CPU.ActiveCfg = Release|Any CPU
		{63B55BF3-D72E-4720-B3FC-579AFB052E5C}.Release|Any CPU.Build.0 = Release|Any CPU
		{63B55BF3-D72E-4720-B3FC-579AFB052E5C}.Release|x64.ActiveCfg = Release|Any CPU
		{63B55BF3-D72E-4720-B3FC-579AFB052E5C}.Release|x64.Build.0 = Release|Any CPU
		{63B55BF3-D72E-4720-B3FC-579AFB052E5C}.Release|x86.ActiveCfg = Release|Any CPU
		{63B55BF3-D72E-4720-B3FC-579AFB052E5C}.Release|x86.Build.0 = Release|Any CPU
		{46305558-CC3E-43C9-B22C-611CDA1B2CC4}.Debug|Any CPU.ActiveCfg = Debug|Win32
		{46305558-CC3E-43C9-B22C-611CDA1B2CC4}.Debug|Any CPU.Build.0 = Debug|Win32
		{46305558-CC3E-43C9-B22C-611CDA1B2CC4}.Debug|x64.ActiveCfg = Debug|x64
		{46305558-CC3E-43C9-B22C-611CDA1B2CC4}.Debug|x64.Build.0 = Debug|x64
		{46305558-CC3E-43C9-B22C-611CDA1B2CC4}.Debug|x86.ActiveCfg = Debug|Win32
		{46305558-CC3E-43C9-B22C-611CDA1B2CC4}.Debug|x86.Build.0 = Debug|Win32
		{46305558-CC3E-43C9-B22C-611CDA1B2CC4}.Release|Any CPU.ActiveCfg = Release|Win32
		{46305558-CC3E-43C9-B22C-611CDA1B2CC4}.Release|x64.ActiveCfg = Release|x64
		{46305558-CC3E-43C9-B22C-611CDA1B2CC4}.Release|x64.Build.0 = Release|x64
		{46305558-CC3E-43C9-B22C-611CDA1B2CC4}.Release|x86.ActiveCfg = Release|Win32
		{46305558-CC3E-43C9-B22C-611CDA1B2CC4}.Release|x86.Build.0 = Release|Win32
	EndGlobalSection
	GlobalSection(SolutionProperties) = preSolution
		HideSolutionNode = FALSE
	EndGlobalSection
EndGlobal
